{
  "name": "litter-g",
  "version": "0.0.12",
  "lockfileVersion": 1,
  "requires": true,
  "dependencies": {
    "@webcomponents/webcomponentsjs": {
      "version": "2.1.1",
      "resolved": "https://registry.npmjs.org/@webcomponents/webcomponentsjs/-/webcomponentsjs-2.1.1.tgz",
      "integrity": "sha512-CgXV1O94jruR0YVijA55bP4SQBRvRKDmByWce47vCZIJ3HPHOph0VtjpO5vYEUyZzfadqfjICBMkZOagTT9XQw==",
      "dev": true
    },
    "jiife": {
      "version": "0.0.5",
      "resolved": "https://registry.npmjs.org/jiife/-/jiife-0.0.5.tgz",
      "integrity": "sha512-jB5YpCJAuxH5xRKgqZL2XzadA6w/iOHGCOQt0w9YfYHGDMilMS9DcBqyYe7Wr/0NLiIWR8RsLwIdLDu/TodKOg==",
      "dev": true
    },
    "xtal-latx": {
      "version": "0.0.27",
      "resolved": "https://registry.npmjs.org/xtal-latx/-/xtal-latx-0.0.27.tgz",
      "integrity": "sha512-cJ9Q/eBWJOnuyxHCYXd/rUFiMFeI4+OblrxAl+ynKDcD2/k+H5W7B+185u/lfBYnF7JGBxEaeJouFSTOimbqmg=="
    }
  }
}
