{
  "name": "litter-g",
  "version": "0.0.3",
  "lockfileVersion": 1,
  "requires": true,
  "dependencies": {
    "@webcomponents/webcomponentsjs": {
      "version": "2.1.1",
      "resolved": "https://registry.npmjs.org/@webcomponents/webcomponentsjs/-/webcomponentsjs-2.1.1.tgz",
      "integrity": "sha512-CgXV1O94jruR0YVijA55bP4SQBRvRKDmByWce47vCZIJ3HPHOph0VtjpO5vYEUyZzfadqfjICBMkZOagTT9XQw==",
      "dev": true
    },
    "jiife": {
      "version": "0.0.4",
      "resolved": "https://registry.npmjs.org/jiife/-/jiife-0.0.4.tgz",
      "integrity": "sha512-BubRxE1DCPN5rUXcdObEPncX23qJpCTZ6zolfqPS0rJTg+Vos9Lnt6rZqhXLHRbBvmNpqwFG1XA4LYEC3AEq4g==",
      "dev": true
    },
    "xtal-latx": {
      "version": "0.0.26",
      "resolved": "https://registry.npmjs.org/xtal-latx/-/xtal-latx-0.0.26.tgz",
      "integrity": "sha512-GXUvYicEA2qeuJON5wad6e4XCn4e81o6SHgTkmydFHhAj2bOjLHpxkbunNP2lghWxq3cpWqTCPTNkJIjHMndmA=="
    }
  }
}
